
Microsoft Visual Studio Solution File, Format Version 12.00
# Visual Studio Version 17
VisualStudioVersion = 17.3.32929.385
MinimumVisualStudioVersion = 10.0.40219.1
Project("{8BC9CEB8-8B4A-11D0-8D11-00A0C91BC942}") = "Parser", "Parser.vcxproj", "{F92A9E26-0358-4C00-A12F-4E4EC32EC719}"
EndProject
Global
	GlobalSection(SolutionConfigurationPlatforms) = preSolution
		Debug|x64 = Debug|x64
		Debug|x86 = Debug|x86
		Release|x64 = Release|x64
		Release|x86 = Release|x86
	EndGlobalSection
	GlobalSection(ProjectConfigurationPlatforms) = postSolution
		{F92A9E26-0358-4C00-A12F-4E4EC32EC719}.Debug|x64.ActiveCfg = Debug|x64
		{F92A9E26-0358-4C00-A12F-4E4EC32EC719}.Debug|x64.Build.0 = Debug|x64
		{F92A9E26-0358-4C00-A12F-4E4EC32EC719}.Debug|x86.ActiveCfg = Debug|Win32
		{F92A9E26-0358-4C00-A12F-4E4EC32EC719}.Debug|x86.Build.0 = Debug|Win32
		{F92A9E26-0358-4C00-A12F-4E4EC32EC719}.Release|x64.ActiveCfg = Release|x64
		{F92A9E26-0358-4C00-A12F-4E4EC32EC719}.Release|x64.Build.0 = Release|x64
		{F92A9E26-0358-4C00-A12F-4E4EC32EC719}.Release|x86.ActiveCfg = Release|Win32
		{F92A9E26-0358-4C00-A12F-4E4EC32EC719}.Release|x86.Build.0 = Release|Win32
	EndGlobalSection
	GlobalSection(SolutionProperties) = preSolution
		HideSolutionNode = FALSE
	EndGlobalSection
	GlobalSection(ExtensibilityGlobals) = postSolution
		SolutionGuid = {A7A000F4-B6DD-425E-8774-65F21A6378F6}
	EndGlobalSection
EndGlobal
